
Microsoft Visual Studio Solution File, Format Version 12.00
# Visual Studio 15
VisualStudioVersion = 15.0.26228.9
MinimumVisualStudioVersion = 10.0.40219.1
Project("{FAE04EC0-301F-11D3-BF4B-00C04F79EFBC}") = "Atharva.Web", "Atharva.Web\Atharva.Web.csproj", "{F3465504-AACC-4129-9BC5-43F6884FA260}"
EndProject
Project("{FAE04EC0-301F-11D3-BF4B-00C04F79EFBC}") = "Atharva.Web.Tests", "Atharva.Web.Tests\Atharva.Web.Tests.csproj", "{5CB7CF70-15BC-4A6A-BDAB-C15470754ABC}"
EndProject
Global
	GlobalSection(SolutionConfigurationPlatforms) = preSolution
		Debug|Any CPU = Debug|Any CPU
		Release|Any CPU = Release|Any CPU
	EndGlobalSection
	GlobalSection(ProjectConfigurationPlatforms) = postSolution
		{F3465504-AACC-4129-9BC5-43F6884FA260}.Debug|Any CPU.ActiveCfg = Debug|Any CPU
		{F3465504-AACC-4129-9BC5-43F6884FA260}.Debug|Any CPU.Build.0 = Debug|Any CPU
		{F3465504-AACC-4129-9BC5-43F6884FA260}.Release|Any CPU.ActiveCfg = Release|Any CPU
		{F3465504-AACC-4129-9BC5-43F6884FA260}.Release|Any CPU.Build.0 = Release|Any CPU
		{5CB7CF70-15BC-4A6A-BDAB-C15470754ABC}.Debug|Any CPU.ActiveCfg = Debug|Any CPU
		{5CB7CF70-15BC-4A6A-BDAB-C15470754ABC}.Debug|Any CPU.Build.0 = Debug|Any CPU
		{5CB7CF70-15BC-4A6A-BDAB-C15470754ABC}.Release|Any CPU.ActiveCfg = Release|Any CPU
		{5CB7CF70-15BC-4A6A-BDAB-C15470754ABC}.Release|Any CPU.Build.0 = Release|Any CPU
	EndGlobalSection
	GlobalSection(SolutionProperties) = preSolution
		HideSolutionNode = FALSE
	EndGlobalSection
EndGlobal
